
Microsoft Visual Studio Solution File, Format Version 12.00
# Visual Studio Version 17
VisualStudioVersion = 17.0.32112.339
MinimumVisualStudioVersion = 10.0.40219.1
Project("{9A19103F-16F7-4668-BE54-9A1E7A4F7556}") = "WebApi", "WebApi\WebApi.csproj", "{ECE136EC-B817-49E0-A463-4D2CC8705BAA}"
EndProject
Project("{FAE04EC0-301F-11D3-BF4B-00C04F79EFBC}") = "Application", "Application\Application\Application.csproj", "{D635CD99-F803-4BD6-AA93-914D9D982D51}"
EndProject
Global
	GlobalSection(SolutionConfigurationPlatforms) = preSolution
		Debug|Any CPU = Debug|Any CPU
		Release|Any CPU = Release|Any CPU
	EndGlobalSection
	GlobalSection(ProjectConfigurationPlatforms) = postSolution
		{ECE136EC-B817-49E0-A463-4D2CC8705BAA}.Debug|Any CPU.ActiveCfg = Debug|Any CPU
		{ECE136EC-B817-49E0-A463-4D2CC8705BAA}.Debug|Any CPU.Build.0 = Debug|Any CPU
		{ECE136EC-B817-49E0-A463-4D2CC8705BAA}.Release|Any CPU.ActiveCfg = Release|Any CPU
		{ECE136EC-B817-49E0-A463-4D2CC8705BAA}.Release|Any CPU.Build.0 = Release|Any CPU
		{D635CD99-F803-4BD6-AA93-914D9D982D51}.Debug|Any CPU.ActiveCfg = Debug|Any CPU
		{D635CD99-F803-4BD6-AA93-914D9D982D51}.Debug|Any CPU.Build.0 = Debug|Any CPU
		{D635CD99-F803-4BD6-AA93-914D9D982D51}.Release|Any CPU.ActiveCfg = Release|Any CPU
		{D635CD99-F803-4BD6-AA93-914D9D982D51}.Release|Any CPU.Build.0 = Release|Any CPU
	EndGlobalSection
	GlobalSection(SolutionProperties) = preSolution
		HideSolutionNode = FALSE
	EndGlobalSection
	GlobalSection(ExtensibilityGlobals) = postSolution
		SolutionGuid = {59A8EA54-FB03-4D92-BC7D-695BADFFFBF5}
	EndGlobalSection
EndGlobal
